
Microsoft Visual Studio Solution File, Format Version 12.00
# Visual Studio Version 17
VisualStudioVersion = 17.4.33110.190
MinimumVisualStudioVersion = 10.0.40219.1
Project("{FAE04EC0-301F-11D3-BF4B-00C04F79EFBC}") = "ResourceCleaner", "ResourceCleaner\ResourceCleaner.csproj", "{51B238A7-2B6E-4CC2-90D4-CAFABDADC089}"
EndProject
Global
	GlobalSection(SolutionConfigurationPlatforms) = preSolution
		Debug|Any CPU = Debug|Any CPU
		Release|Any CPU = Release|Any CPU
	EndGlobalSection
	GlobalSection(ProjectConfigurationPlatforms) = postSolution
		{51B238A7-2B6E-4CC2-90D4-CAFABDADC089}.Debug|Any CPU.ActiveCfg = Debug|Any CPU
		{51B238A7-2B6E-4CC2-90D4-CAFABDADC089}.Debug|Any CPU.Build.0 = Debug|Any CPU
		{51B238A7-2B6E-4CC2-90D4-CAFABDADC089}.Release|Any CPU.ActiveCfg = Release|Any CPU
		{51B238A7-2B6E-4CC2-90D4-CAFABDADC089}.Release|Any CPU.Build.0 = Release|Any CPU
	EndGlobalSection
	GlobalSection(SolutionProperties) = preSolution
		HideSolutionNode = FALSE
	EndGlobalSection
	GlobalSection(ExtensibilityGlobals) = postSolution
		SolutionGuid = {48FD52DF-9E3A-499C-997D-701F48D571D2}
	EndGlobalSection
EndGlobal
